<?xml version="1.0" encoding="UTF-8"?>
<CodeBlocks_project_file>
	<FileVersion major="1" minor="6"/>
	<Project>
		<Option title="process_results"/>
		<Option makefile_is_custom="1"/>
		<Option compiler="gcc"/>
		<Option virtualFolders="CMake Files\;CMake Files\pybind11\;CMake Files\pybind11\tools\;"/>
		<Build>
			<Target title="all">
				<Option working_dir="/home/Mrjoeybux/coding/Predictor/get_data/reddit/c++"/>
				<Option type="4"/>
				<MakeCommands>
					<Build command="/usr/bin/make -j8 -f &quot;/home/Mrjoeybux/coding/Predictor/get_data/reddit/c++/Makefile&quot;  VERBOSE=1 all"/>
					<CompileFile command="/usr/bin/make -j8 -f &quot;/home/Mrjoeybux/coding/Predictor/get_data/reddit/c++/Makefile&quot;  VERBOSE=1 &quot;$file&quot;"/>
					<Clean command="/usr/bin/make -j8 -f &quot;/home/Mrjoeybux/coding/Predictor/get_data/reddit/c++/Makefile&quot;  VERBOSE=1 clean"/>
					<DistClean command="/usr/bin/make -j8 -f &quot;/home/Mrjoeybux/coding/Predictor/get_data/reddit/c++/Makefile&quot;  VERBOSE=1 clean"/>
				</MakeCommands>
			</Target>
			<Target title="rebuild_cache">
				<Option working_dir="/home/Mrjoeybux/coding/Predictor/get_data/reddit/c++"/>
				<Option type="4"/>
				<MakeCommands>
					<Build command="/usr/bin/make -j8 -f &quot;/home/Mrjoeybux/coding/Predictor/get_data/reddit/c++/Makefile&quot;  VERBOSE=1 rebuild_cache"/>
					<CompileFile command="/usr/bin/make -j8 -f &quot;/home/Mrjoeybux/coding/Predictor/get_data/reddit/c++/Makefile&quot;  VERBOSE=1 &quot;$file&quot;"/>
					<Clean command="/usr/bin/make -j8 -f &quot;/home/Mrjoeybux/coding/Predictor/get_data/reddit/c++/Makefile&quot;  VERBOSE=1 clean"/>
					<DistClean command="/usr/bin/make -j8 -f &quot;/home/Mrjoeybux/coding/Predictor/get_data/reddit/c++/Makefile&quot;  VERBOSE=1 clean"/>
				</MakeCommands>
			</Target>
			<Target title="predictor">
				<Option output="/home/Mrjoeybux/coding/Predictor/get_data/reddit/c++/predictor.cpython-36m-x86_64-linux-gnu.so" prefix_auto="0" extension_auto="0"/>
				<Option working_dir="/home/Mrjoeybux/coding/Predictor/get_data/reddit/c++"/>
				<Option object_output="./"/>
				<Option type="3"/>
				<Option compiler="gcc"/>
				<Compiler>
					<Add directory="/home/Mrjoeybux/coding/Predictor/get_data/reddit/c++/pybind11/include"/>
					<Add directory="/usr/include/python3.6m"/>
					<Add directory="/usr/include/c++/7"/>
					<Add directory="/usr/include/x86_64-linux-gnu/c++/7"/>
					<Add directory="/usr/include/c++/7/backward"/>
					<Add directory="/usr/lib/gcc/x86_64-linux-gnu/7/include"/>
					<Add directory="/usr/local/include"/>
					<Add directory="/usr/lib/gcc/x86_64-linux-gnu/7/include-fixed"/>
					<Add directory="/usr/include/x86_64-linux-gnu"/>
					<Add directory="/usr/include"/>
				</Compiler>
				<MakeCommands>
					<Build command="/usr/bin/make -j8 -f &quot;/home/Mrjoeybux/coding/Predictor/get_data/reddit/c++/Makefile&quot;  VERBOSE=1 predictor"/>
					<CompileFile command="/usr/bin/make -j8 -f &quot;/home/Mrjoeybux/coding/Predictor/get_data/reddit/c++/Makefile&quot;  VERBOSE=1 &quot;$file&quot;"/>
					<Clean command="/usr/bin/make -j8 -f &quot;/home/Mrjoeybux/coding/Predictor/get_data/reddit/c++/Makefile&quot;  VERBOSE=1 clean"/>
					<DistClean command="/usr/bin/make -j8 -f &quot;/home/Mrjoeybux/coding/Predictor/get_data/reddit/c++/Makefile&quot;  VERBOSE=1 clean"/>
				</MakeCommands>
			</Target>
			<Target title="predictor/fast">
				<Option output="/home/Mrjoeybux/coding/Predictor/get_data/reddit/c++/predictor.cpython-36m-x86_64-linux-gnu.so" prefix_auto="0" extension_auto="0"/>
				<Option working_dir="/home/Mrjoeybux/coding/Predictor/get_data/reddit/c++"/>
				<Option object_output="./"/>
				<Option type="3"/>
				<Option compiler="gcc"/>
				<Compiler>
					<Add directory="/home/Mrjoeybux/coding/Predictor/get_data/reddit/c++/pybind11/include"/>
					<Add directory="/usr/include/python3.6m"/>
					<Add directory="/usr/include/c++/7"/>
					<Add directory="/usr/include/x86_64-linux-gnu/c++/7"/>
					<Add directory="/usr/include/c++/7/backward"/>
					<Add directory="/usr/lib/gcc/x86_64-linux-gnu/7/include"/>
					<Add directory="/usr/local/include"/>
					<Add directory="/usr/lib/gcc/x86_64-linux-gnu/7/include-fixed"/>
					<Add directory="/usr/include/x86_64-linux-gnu"/>
					<Add directory="/usr/include"/>
				</Compiler>
				<MakeCommands>
					<Build command="/usr/bin/make -j8 -f &quot;/home/Mrjoeybux/coding/Predictor/get_data/reddit/c++/Makefile&quot;  VERBOSE=1 predictor/fast"/>
					<CompileFile command="/usr/bin/make -j8 -f &quot;/home/Mrjoeybux/coding/Predictor/get_data/reddit/c++/Makefile&quot;  VERBOSE=1 &quot;$file&quot;"/>
					<Clean command="/usr/bin/make -j8 -f &quot;/home/Mrjoeybux/coding/Predictor/get_data/reddit/c++/Makefile&quot;  VERBOSE=1 clean"/>
					<DistClean command="/usr/bin/make -j8 -f &quot;/home/Mrjoeybux/coding/Predictor/get_data/reddit/c++/Makefile&quot;  VERBOSE=1 clean"/>
				</MakeCommands>
			</Target>
			<Target title="edit_cache">
				<Option working_dir="/home/Mrjoeybux/coding/Predictor/get_data/reddit/c++"/>
				<Option type="4"/>
				<MakeCommands>
					<Build command="/usr/bin/make -j8 -f &quot;/home/Mrjoeybux/coding/Predictor/get_data/reddit/c++/Makefile&quot;  VERBOSE=1 edit_cache"/>
					<CompileFile command="/usr/bin/make -j8 -f &quot;/home/Mrjoeybux/coding/Predictor/get_data/reddit/c++/Makefile&quot;  VERBOSE=1 &quot;$file&quot;"/>
					<Clean command="/usr/bin/make -j8 -f &quot;/home/Mrjoeybux/coding/Predictor/get_data/reddit/c++/Makefile&quot;  VERBOSE=1 clean"/>
					<DistClean command="/usr/bin/make -j8 -f &quot;/home/Mrjoeybux/coding/Predictor/get_data/reddit/c++/Makefile&quot;  VERBOSE=1 clean"/>
				</MakeCommands>
			</Target>
		</Build>
		<Unit filename="/home/Mrjoeybux/coding/Predictor/get_data/reddit/c++/process_results.cpp">
			<Option target="predictor"/>
		</Unit>
		<Unit filename="/home/Mrjoeybux/coding/Predictor/get_data/reddit/c++/process_results.h">
			<Option target="predictor"/>
		</Unit>
		<Unit filename="/home/Mrjoeybux/coding/Predictor/get_data/reddit/c++/CMakeLists.txt">
			<Option virtualFolder="CMake Files\"/>
		</Unit>
		<Unit filename="/home/Mrjoeybux/coding/Predictor/get_data/reddit/c++/pybind11/CMakeLists.txt">
			<Option virtualFolder="CMake Files\pybind11\"/>
		</Unit>
		<Unit filename="/home/Mrjoeybux/coding/Predictor/get_data/reddit/c++/pybind11/tools/FindPythonLibsNew.cmake">
			<Option virtualFolder="CMake Files\pybind11\tools\"/>
		</Unit>
		<Unit filename="/home/Mrjoeybux/coding/Predictor/get_data/reddit/c++/pybind11/tools/pybind11Tools.cmake">
			<Option virtualFolder="CMake Files\pybind11\tools\"/>
		</Unit>
	</Project>
</CodeBlocks_project_file>
